
Microsoft Visual Studio Solution File, Format Version 12.00
# Visual Studio 15
VisualStudioVersion = 15.0.28307.1231
MinimumVisualStudioVersion = 10.0.40219.1
Project("{FAE04EC0-301F-11D3-BF4B-00C04F79EFBC}") = "Armstrong", "Armstrong\Armstrong.csproj", "{5CBFA05F-FD4C-4CBB-BA0C-B97FC5E064DF}"
EndProject
Global
	GlobalSection(SolutionConfigurationPlatforms) = preSolution
		Debug|Any CPU = Debug|Any CPU
		Release|Any CPU = Release|Any CPU
	EndGlobalSection
	GlobalSection(ProjectConfigurationPlatforms) = postSolution
		{5CBFA05F-FD4C-4CBB-BA0C-B97FC5E064DF}.Debug|Any CPU.ActiveCfg = Debug|Any CPU
		{5CBFA05F-FD4C-4CBB-BA0C-B97FC5E064DF}.Debug|Any CPU.Build.0 = Debug|Any CPU
		{5CBFA05F-FD4C-4CBB-BA0C-B97FC5E064DF}.Release|Any CPU.ActiveCfg = Release|Any CPU
		{5CBFA05F-FD4C-4CBB-BA0C-B97FC5E064DF}.Release|Any CPU.Build.0 = Release|Any CPU
	EndGlobalSection
	GlobalSection(SolutionProperties) = preSolution
		HideSolutionNode = FALSE
	EndGlobalSection
	GlobalSection(ExtensibilityGlobals) = postSolution
		SolutionGuid = {1649A77B-CF98-4834-9ED0-6D6C196CE631}
	EndGlobalSection
EndGlobal
