
Microsoft Visual Studio Solution File, Format Version 12.00
# Visual Studio 15
VisualStudioVersion = 15.0.28307.1231
MinimumVisualStudioVersion = 10.0.40219.1
Project("{FAE04EC0-301F-11D3-BF4B-00C04F79EFBC}") = "count characters", "count characters\count characters.csproj", "{C0BD3CF5-DBF5-4D13-8E31-1017FA9F3B3C}"
EndProject
Global
	GlobalSection(SolutionConfigurationPlatforms) = preSolution
		Debug|Any CPU = Debug|Any CPU
		Release|Any CPU = Release|Any CPU
	EndGlobalSection
	GlobalSection(ProjectConfigurationPlatforms) = postSolution
		{C0BD3CF5-DBF5-4D13-8E31-1017FA9F3B3C}.Debug|Any CPU.ActiveCfg = Debug|Any CPU
		{C0BD3CF5-DBF5-4D13-8E31-1017FA9F3B3C}.Debug|Any CPU.Build.0 = Debug|Any CPU
		{C0BD3CF5-DBF5-4D13-8E31-1017FA9F3B3C}.Release|Any CPU.ActiveCfg = Release|Any CPU
		{C0BD3CF5-DBF5-4D13-8E31-1017FA9F3B3C}.Release|Any CPU.Build.0 = Release|Any CPU
	EndGlobalSection
	GlobalSection(SolutionProperties) = preSolution
		HideSolutionNode = FALSE
	EndGlobalSection
	GlobalSection(ExtensibilityGlobals) = postSolution
		SolutionGuid = {D3DEC403-B492-4827-92C8-E8EA737429A6}
	EndGlobalSection
EndGlobal
